// !$*UTF8*$!
{
	archiveVersion = 1;
	classes = {
	};
	objectVersion = 55;
	objects = {

/* Begin PBXBuildFile section */
		237248835F1E67E7C8DE0D29 /* Pods_free_to_game_ui_kit.framework in Frameworks */ = {isa = PBXBuildFile; fileRef = A7F6F65F3871C22290F69633 /* Pods_free_to_game_ui_kit.framework */; };
		ADBEB638286085A8008D44B4 /* AppDelegate.swift in Sources */ = {isa = PBXBuildFile; fileRef = ADBEB637286085A8008D44B4 /* AppDelegate.swift */; };
		ADBEB63A286085A8008D44B4 /* SceneDelegate.swift in Sources */ = {isa = PBXBuildFile; fileRef = ADBEB639286085A8008D44B4 /* SceneDelegate.swift */; };
		ADBEB63C286085A8008D44B4 /* EmptyViewController.swift in Sources */ = {isa = PBXBuildFile; fileRef = ADBEB63B286085A8008D44B4 /* EmptyViewController.swift */; };
		ADBEB641286085A9008D44B4 /* Assets.xcassets in Resources */ = {isa = PBXBuildFile; fileRef = ADBEB640286085A9008D44B4 /* Assets.xcassets */; };
		ADBEB644286085A9008D44B4 /* LaunchScreen.storyboard in Resources */ = {isa = PBXBuildFile; fileRef = ADBEB642286085A9008D44B4 /* LaunchScreen.storyboard */; };
		ADBEB64E28608603008D44B4 /* Coordinator.swift in Sources */ = {isa = PBXBuildFile; fileRef = ADBEB64D28608603008D44B4 /* Coordinator.swift */; };
		ADBEB65028608620008D44B4 /* CoordinatorFactory.swift in Sources */ = {isa = PBXBuildFile; fileRef = ADBEB64F28608620008D44B4 /* CoordinatorFactory.swift */; };
		ADBEB65228608644008D44B4 /* AppCoordinator.swift in Sources */ = {isa = PBXBuildFile; fileRef = ADBEB65128608644008D44B4 /* AppCoordinator.swift */; };
		ADBEB65628608695008D44B4 /* MainCoordinator.swift in Sources */ = {isa = PBXBuildFile; fileRef = ADBEB65528608695008D44B4 /* MainCoordinator.swift */; };
		ADBEB65928608700008D44B4 /* EmptyViewControllerAssembly.swift in Sources */ = {isa = PBXBuildFile; fileRef = ADBEB65828608700008D44B4 /* EmptyViewControllerAssembly.swift */; };
/* End PBXBuildFile section */

/* Begin PBXFileReference section */
		809C746846DF78657648A85B /* Pods-free-to-game-ui-kit.debug.xcconfig */ = {isa = PBXFileReference; includeInIndex = 1; lastKnownFileType = text.xcconfig; name = "Pods-free-to-game-ui-kit.debug.xcconfig"; path = "Target Support Files/Pods-free-to-game-ui-kit/Pods-free-to-game-ui-kit.debug.xcconfig"; sourceTree = "<group>"; };
		902AF9A75D3487C143F1E05F /* Pods-free-to-game-ui-kit.release.xcconfig */ = {isa = PBXFileReference; includeInIndex = 1; lastKnownFileType = text.xcconfig; name = "Pods-free-to-game-ui-kit.release.xcconfig"; path = "Target Support Files/Pods-free-to-game-ui-kit/Pods-free-to-game-ui-kit.release.xcconfig"; sourceTree = "<group>"; };
		A7F6F65F3871C22290F69633 /* Pods_free_to_game_ui_kit.framework */ = {isa = PBXFileReference; explicitFileType = wrapper.framework; includeInIndex = 0; path = Pods_free_to_game_ui_kit.framework; sourceTree = BUILT_PRODUCTS_DIR; };
		ADBEB634286085A8008D44B4 /* free-to-game-ui-kit.app */ = {isa = PBXFileReference; explicitFileType = wrapper.application; includeInIndex = 0; path = "free-to-game-ui-kit.app"; sourceTree = BUILT_PRODUCTS_DIR; };
		ADBEB637286085A8008D44B4 /* AppDelegate.swift */ = {isa = PBXFileReference; lastKnownFileType = sourcecode.swift; path = AppDelegate.swift; sourceTree = "<group>"; };
		ADBEB639286085A8008D44B4 /* SceneDelegate.swift */ = {isa = PBXFileReference; lastKnownFileType = sourcecode.swift; path = SceneDelegate.swift; sourceTree = "<group>"; };
		ADBEB63B286085A8008D44B4 /* EmptyViewController.swift */ = {isa = PBXFileReference; lastKnownFileType = sourcecode.swift; path = EmptyViewController.swift; sourceTree = "<group>"; };
		ADBEB640286085A9008D44B4 /* Assets.xcassets */ = {isa = PBXFileReference; lastKnownFileType = folder.assetcatalog; path = Assets.xcassets; sourceTree = "<group>"; };
		ADBEB643286085A9008D44B4 /* Base */ = {isa = PBXFileReference; lastKnownFileType = file.storyboard; name = Base; path = Base.lproj/LaunchScreen.storyboard; sourceTree = "<group>"; };
		ADBEB645286085A9008D44B4 /* Info.plist */ = {isa = PBXFileReference; lastKnownFileType = text.plist.xml; path = Info.plist; sourceTree = "<group>"; };
		ADBEB64D28608603008D44B4 /* Coordinator.swift */ = {isa = PBXFileReference; lastKnownFileType = sourcecode.swift; path = Coordinator.swift; sourceTree = "<group>"; };
		ADBEB64F28608620008D44B4 /* CoordinatorFactory.swift */ = {isa = PBXFileReference; lastKnownFileType = sourcecode.swift; path = CoordinatorFactory.swift; sourceTree = "<group>"; };
		ADBEB65128608644008D44B4 /* AppCoordinator.swift */ = {isa = PBXFileReference; lastKnownFileType = sourcecode.swift; path = AppCoordinator.swift; sourceTree = "<group>"; };
		ADBEB65528608695008D44B4 /* MainCoordinator.swift */ = {isa = PBXFileReference; lastKnownFileType = sourcecode.swift; path = MainCoordinator.swift; sourceTree = "<group>"; };
		ADBEB65828608700008D44B4 /* EmptyViewControllerAssembly.swift */ = {isa = PBXFileReference; lastKnownFileType = sourcecode.swift; path = EmptyViewControllerAssembly.swift; sourceTree = "<group>"; };
/* End PBXFileReference section */

/* Begin PBXFrameworksBuildPhase section */
		ADBEB631286085A8008D44B4 /* Frameworks */ = {
			isa = PBXFrameworksBuildPhase;
			buildActionMask = 2147483647;
			files = (
				237248835F1E67E7C8DE0D29 /* Pods_free_to_game_ui_kit.framework in Frameworks */,
			);
			runOnlyForDeploymentPostprocessing = 0;
		};
/* End PBXFrameworksBuildPhase section */

/* Begin PBXGroup section */
		4ABF92740DA77EB966542707 /* Pods */ = {
			isa = PBXGroup;
			children = (
				809C746846DF78657648A85B /* Pods-free-to-game-ui-kit.debug.xcconfig */,
				902AF9A75D3487C143F1E05F /* Pods-free-to-game-ui-kit.release.xcconfig */,
			);
			name = Pods;
			path = Pods;
			sourceTree = "<group>";
		};
		ADBEB62B286085A8008D44B4 = {
			isa = PBXGroup;
			children = (
				ADBEB636286085A8008D44B4 /* free-to-game-ui-kit */,
				ADBEB635286085A8008D44B4 /* Products */,
				4ABF92740DA77EB966542707 /* Pods */,
				D6B0AA5DEC9A05475BACA4C2 /* Frameworks */,
			);
			sourceTree = "<group>";
		};
		ADBEB635286085A8008D44B4 /* Products */ = {
			isa = PBXGroup;
			children = (
				ADBEB634286085A8008D44B4 /* free-to-game-ui-kit.app */,
			);
			name = Products;
			sourceTree = "<group>";
		};
		ADBEB636286085A8008D44B4 /* free-to-game-ui-kit */ = {
			isa = PBXGroup;
			children = (
				ADBEB64B286085BC008D44B4 /* Application */,
				ADBEB65328608672008D44B4 /* Flows */,
				ADBEB640286085A9008D44B4 /* Assets.xcassets */,
				ADBEB642286085A9008D44B4 /* LaunchScreen.storyboard */,
				ADBEB645286085A9008D44B4 /* Info.plist */,
			);
			path = "free-to-game-ui-kit";
			sourceTree = "<group>";
		};
		ADBEB64B286085BC008D44B4 /* Application */ = {
			isa = PBXGroup;
			children = (
				ADBEB637286085A8008D44B4 /* AppDelegate.swift */,
				ADBEB639286085A8008D44B4 /* SceneDelegate.swift */,
				ADBEB64C286085E4008D44B4 /* Coordinator */,
			);
			path = Application;
			sourceTree = "<group>";
		};
		ADBEB64C286085E4008D44B4 /* Coordinator */ = {
			isa = PBXGroup;
			children = (
				ADBEB64D28608603008D44B4 /* Coordinator.swift */,
				ADBEB64F28608620008D44B4 /* CoordinatorFactory.swift */,
				ADBEB65128608644008D44B4 /* AppCoordinator.swift */,
			);
			path = Coordinator;
			sourceTree = "<group>";
		};
		ADBEB65328608672008D44B4 /* Flows */ = {
			isa = PBXGroup;
			children = (
				ADBEB65428608679008D44B4 /* Main */,
			);
			path = Flows;
			sourceTree = "<group>";
		};
		ADBEB65428608679008D44B4 /* Main */ = {
			isa = PBXGroup;
			children = (
				ADBEB65528608695008D44B4 /* MainCoordinator.swift */,
				ADBEB657286086DC008D44B4 /* EmptyScreen */,
			);
			path = Main;
			sourceTree = "<group>";
		};
		ADBEB657286086DC008D44B4 /* EmptyScreen */ = {
			isa = PBXGroup;
			children = (
				ADBEB65828608700008D44B4 /* EmptyViewControllerAssembly.swift */,
				ADBEB63B286085A8008D44B4 /* EmptyViewController.swift */,
			);
			path = EmptyScreen;
			sourceTree = "<group>";
		};
		D6B0AA5DEC9A05475BACA4C2 /* Frameworks */ = {
			isa = PBXGroup;
			children = (
				A7F6F65F3871C22290F69633 /* Pods_free_to_game_ui_kit.framework */,
			);
			name = Frameworks;
			sourceTree = "<group>";
		};
/* End PBXGroup section */

/* Begin PBXNativeTarget section */
		ADBEB633286085A8008D44B4 /* free-to-game-ui-kit */ = {
			isa = PBXNativeTarget;
			buildConfigurationList = ADBEB648286085A9008D44B4 /* Build configuration list for PBXNativeTarget "free-to-game-ui-kit" */;
			buildPhases = (
				DE3EDF51439EA337676BA78A /* [CP] Check Pods Manifest.lock */,
				ADBEB630286085A8008D44B4 /* Sources */,
				ADBEB631286085A8008D44B4 /* Frameworks */,
				ADBEB632286085A8008D44B4 /* Resources */,
				7D28D2DF781A870830BCE392 /* [CP] Embed Pods Frameworks */,
			);
			buildRules = (
			);
			dependencies = (
			);
			name = "free-to-game-ui-kit";
			productName = "free-to-game-ui-kit";
			productReference = ADBEB634286085A8008D44B4 /* free-to-game-ui-kit.app */;
			productType = "com.apple.product-type.application";
		};
/* End PBXNativeTarget section */

/* Begin PBXProject section */
		ADBEB62C286085A8008D44B4 /* Project object */ = {
			isa = PBXProject;
			attributes = {
				BuildIndependentTargetsInParallel = 1;
				LastSwiftUpdateCheck = 1330;
				LastUpgradeCheck = 1330;
				TargetAttributes = {
					ADBEB633286085A8008D44B4 = {
						CreatedOnToolsVersion = 13.3;
					};
				};
			};
			buildConfigurationList = ADBEB62F286085A8008D44B4 /* Build configuration list for PBXProject "free-to-game-ui-kit" */;
			compatibilityVersion = "Xcode 13.0";
			developmentRegion = en;
			hasScannedForEncodings = 0;
			knownRegions = (
				en,
				Base,
			);
			mainGroup = ADBEB62B286085A8008D44B4;
			productRefGroup = ADBEB635286085A8008D44B4 /* Products */;
			projectDirPath = "";
			projectRoot = "";
			targets = (
				ADBEB633286085A8008D44B4 /* free-to-game-ui-kit */,
			);
		};
/* End PBXProject section */

/* Begin PBXResourcesBuildPhase section */
		ADBEB632286085A8008D44B4 /* Resources */ = {
			isa = PBXResourcesBuildPhase;
			buildActionMask = 2147483647;
			files = (
				ADBEB644286085A9008D44B4 /* LaunchScreen.storyboard in Resources */,
				ADBEB641286085A9008D44B4 /* Assets.xcassets in Resources */,
			);
			runOnlyForDeploymentPostprocessing = 0;
		};
/* End PBXResourcesBuildPhase section */

/* Begin PBXShellScriptBuildPhase section */
		7D28D2DF781A870830BCE392 /* [CP] Embed Pods Frameworks */ = {
			isa = PBXShellScriptBuildPhase;
			buildActionMask = 2147483647;
			files = (
			);
			inputFileListPaths = (
				"${PODS_ROOT}/Target Support Files/Pods-free-to-game-ui-kit/Pods-free-to-game-ui-kit-frameworks-${CONFIGURATION}-input-files.xcfilelist",
			);
			name = "[CP] Embed Pods Frameworks";
			outputFileListPaths = (
				"${PODS_ROOT}/Target Support Files/Pods-free-to-game-ui-kit/Pods-free-to-game-ui-kit-frameworks-${CONFIGURATION}-output-files.xcfilelist",
			);
			runOnlyForDeploymentPostprocessing = 0;
			shellPath = /bin/sh;
			shellScript = "\"${PODS_ROOT}/Target Support Files/Pods-free-to-game-ui-kit/Pods-free-to-game-ui-kit-frameworks.sh\"\n";
			showEnvVarsInLog = 0;
		};
		DE3EDF51439EA337676BA78A /* [CP] Check Pods Manifest.lock */ = {
			isa = PBXShellScriptBuildPhase;
			buildActionMask = 2147483647;
			files = (
			);
			inputFileListPaths = (
			);
			inputPaths = (
				"${PODS_PODFILE_DIR_PATH}/Podfile.lock",
				"${PODS_ROOT}/Manifest.lock",
			);
			name = "[CP] Check Pods Manifest.lock";
			outputFileListPaths = (
			);
			outputPaths = (
				"$(DERIVED_FILE_DIR)/Pods-free-to-game-ui-kit-checkManifestLockResult.txt",
			);
			runOnlyForDeploymentPostprocessing = 0;
			shellPath = /bin/sh;
			shellScript = "diff \"${PODS_PODFILE_DIR_PATH}/Podfile.lock\" \"${PODS_ROOT}/Manifest.lock\" > /dev/null\nif [ $? != 0 ] ; then\n    # print error to STDERR\n    echo \"error: The sandbox is not in sync with the Podfile.lock. Run 'pod install' or update your CocoaPods installation.\" >&2\n    exit 1\nfi\n# This output is used by Xcode 'outputs' to avoid re-running this script phase.\necho \"SUCCESS\" > \"${SCRIPT_OUTPUT_FILE_0}\"\n";
			showEnvVarsInLog = 0;
		};
/* End PBXShellScriptBuildPhase section */

/* Begin PBXSourcesBuildPhase section */
		ADBEB630286085A8008D44B4 /* Sources */ = {
			isa = PBXSourcesBuildPhase;
			buildActionMask = 2147483647;
			files = (
				ADBEB65228608644008D44B4 /* AppCoordinator.swift in Sources */,
				ADBEB65628608695008D44B4 /* MainCoordinator.swift in Sources */,
				ADBEB64E28608603008D44B4 /* Coordinator.swift in Sources */,
				ADBEB63C286085A8008D44B4 /* EmptyViewController.swift in Sources */,
				ADBEB638286085A8008D44B4 /* AppDelegate.swift in Sources */,
				ADBEB63A286085A8008D44B4 /* SceneDelegate.swift in Sources */,
				ADBEB65928608700008D44B4 /* EmptyViewControllerAssembly.swift in Sources */,
				ADBEB65028608620008D44B4 /* CoordinatorFactory.swift in Sources */,
			);
			runOnlyForDeploymentPostprocessing = 0;
		};
/* End PBXSourcesBuildPhase section */

/* Begin PBXVariantGroup section */
		ADBEB642286085A9008D44B4 /* LaunchScreen.storyboard */ = {
			isa = PBXVariantGroup;
			children = (
				ADBEB643286085A9008D44B4 /* Base */,
			);
			name = LaunchScreen.storyboard;
			sourceTree = "<group>";
		};
/* End PBXVariantGroup section */

/* Begin XCBuildConfiguration section */
		ADBEB646286085A9008D44B4 /* Debug */ = {
			isa = XCBuildConfiguration;
			buildSettings = {
				ALWAYS_SEARCH_USER_PATHS = NO;
				CLANG_ANALYZER_NONNULL = YES;
				CLANG_ANALYZER_NUMBER_OBJECT_CONVERSION = YES_AGGRESSIVE;
				CLANG_CXX_LANGUAGE_STANDARD = "gnu++17";
				CLANG_ENABLE_MODULES = YES;
				CLANG_ENABLE_OBJC_ARC = YES;
				CLANG_ENABLE_OBJC_WEAK = YES;
				CLANG_WARN_BLOCK_CAPTURE_AUTORELEASING = YES;
				CLANG_WARN_BOOL_CONVERSION = YES;
				CLANG_WARN_COMMA = YES;
				CLANG_WARN_CONSTANT_CONVERSION = YES;
				CLANG_WARN_DEPRECATED_OBJC_IMPLEMENTATIONS = YES;
				CLANG_WARN_DIRECT_OBJC_ISA_USAGE = YES_ERROR;
				CLANG_WARN_DOCUMENTATION_COMMENTS = YES;
				CLANG_WARN_EMPTY_BODY = YES;
				CLANG_WARN_ENUM_CONVERSION = YES;
				CLANG_WARN_INFINITE_RECURSION = YES;
				CLANG_WARN_INT_CONVERSION = YES;
				CLANG_WARN_NON_LITERAL_NULL_CONVERSION = YES;
				CLANG_WARN_OBJC_IMPLICIT_RETAIN_SELF = YES;
				CLANG_WARN_OBJC_LITERAL_CONVERSION = YES;
				CLANG_WARN_OBJC_ROOT_CLASS = YES_ERROR;
				CLANG_WARN_QUOTED_INCLUDE_IN_FRAMEWORK_HEADER = YES;
				CLANG_WARN_RANGE_LOOP_ANALYSIS = YES;
				CLANG_WARN_STRICT_PROTOTYPES = YES;
				CLANG_WARN_SUSPICIOUS_MOVE = YES;
				CLANG_WARN_UNGUARDED_AVAILABILITY = YES_AGGRESSIVE;
				CLANG_WARN_UNREACHABLE_CODE = YES;
				CLANG_WARN__DUPLICATE_METHOD_MATCH = YES;
				COPY_PHASE_STRIP = NO;
				DEBUG_INFORMATION_FORMAT = dwarf;
				ENABLE_STRICT_OBJC_MSGSEND = YES;
				ENABLE_TESTABILITY = YES;
				GCC_C_LANGUAGE_STANDARD = gnu11;
				GCC_DYNAMIC_NO_PIC = NO;
				GCC_NO_COMMON_BLOCKS = YES;
				GCC_OPTIMIZATION_LEVEL = 0;
				GCC_PREPROCESSOR_DEFINITIONS = (
					"DEBUG=1",
					"$(inherited)",
				);
				GCC_WARN_64_TO_32_BIT_CONVERSION = YES;
				GCC_WARN_ABOUT_RETURN_TYPE = YES_ERROR;
				GCC_WARN_UNDECLARED_SELECTOR = YES;
				GCC_WARN_UNINITIALIZED_AUTOS = YES_AGGRESSIVE;
				GCC_WARN_UNUSED_FUNCTION = YES;
				GCC_WARN_UNUSED_VARIABLE = YES;
				IPHONEOS_DEPLOYMENT_TARGET = 15.4;
				MTL_ENABLE_DEBUG_INFO = INCLUDE_SOURCE;
				MTL_FAST_MATH = YES;
				ONLY_ACTIVE_ARCH = YES;
				SDKROOT = iphoneos;
				SWIFT_ACTIVE_COMPILATION_CONDITIONS = DEBUG;
				SWIFT_OPTIMIZATION_LEVEL = "-Onone";
			};
			name = Debug;
		};
		ADBEB647286085A9008D44B4 /* Release */ = {
			isa = XCBuildConfiguration;
			buildSettings = {
				ALWAYS_SEARCH_USER_PATHS = NO;
				CLANG_ANALYZER_NONNULL = YES;
				CLANG_ANALYZER_NUMBER_OBJECT_CONVERSION = YES_AGGRESSIVE;
				CLANG_CXX_LANGUAGE_STANDARD = "gnu++17";
				CLANG_ENABLE_MODULES = YES;
				CLANG_ENABLE_OBJC_ARC = YES;
				CLANG_ENABLE_OBJC_WEAK = YES;
				CLANG_WARN_BLOCK_CAPTURE_AUTORELEASING = YES;
				CLANG_WARN_BOOL_CONVERSION = YES;
				CLANG_WARN_COMMA = YES;
				CLANG_WARN_CONSTANT_CONVERSION = YES;
				CLANG_WARN_DEPRECATED_OBJC_IMPLEMENTATIONS = YES;
				CLANG_WARN_DIRECT_OBJC_ISA_USAGE = YES_ERROR;
				CLANG_WARN_DOCUMENTATION_COMMENTS = YES;
				CLANG_WARN_EMPTY_BODY = YES;
				CLANG_WARN_ENUM_CONVERSION = YES;
				CLANG_WARN_INFINITE_RECURSION = YES;
				CLANG_WARN_INT_CONVERSION = YES;
				CLANG_WARN_NON_LITERAL_NULL_CONVERSION = YES;
				CLANG_WARN_OBJC_IMPLICIT_RETAIN_SELF = YES;
				CLANG_WARN_OBJC_LITERAL_CONVERSION = YES;
				CLANG_WARN_OBJC_ROOT_CLASS = YES_ERROR;
				CLANG_WARN_QUOTED_INCLUDE_IN_FRAMEWORK_HEADER = YES;
				CLANG_WARN_RANGE_LOOP_ANALYSIS = YES;
				CLANG_WARN_STRICT_PROTOTYPES = YES;
				CLANG_WARN_SUSPICIOUS_MOVE = YES;
				CLANG_WARN_UNGUARDED_AVAILABILITY = YES_AGGRESSIVE;
				CLANG_WARN_UNREACHABLE_CODE = YES;
				CLANG_WARN__DUPLICATE_METHOD_MATCH = YES;
				COPY_PHASE_STRIP = NO;
				DEBUG_INFORMATION_FORMAT = "dwarf-with-dsym";
				ENABLE_NS_ASSERTIONS = NO;
				ENABLE_STRICT_OBJC_MSGSEND = YES;
				GCC_C_LANGUAGE_STANDARD = gnu11;
				GCC_NO_COMMON_BLOCKS = YES;
				GCC_WARN_64_TO_32_BIT_CONVERSION = YES;
				GCC_WARN_ABOUT_RETURN_TYPE = YES_ERROR;
				GCC_WARN_UNDECLARED_SELECTOR = YES;
				GCC_WARN_UNINITIALIZED_AUTOS = YES_AGGRESSIVE;
				GCC_WARN_UNUSED_FUNCTION = YES;
				GCC_WARN_UNUSED_VARIABLE = YES;
				IPHONEOS_DEPLOYMENT_TARGET = 15.4;
				MTL_ENABLE_DEBUG_INFO = NO;
				MTL_FAST_MATH = YES;
				SDKROOT = iphoneos;
				SWIFT_COMPILATION_MODE = wholemodule;
				SWIFT_OPTIMIZATION_LEVEL = "-O";
				VALIDATE_PRODUCT = YES;
			};
			name = Release;
		};
		ADBEB649286085A9008D44B4 /* Debug */ = {
			isa = XCBuildConfiguration;
			baseConfigurationReference = 809C746846DF78657648A85B /* Pods-free-to-game-ui-kit.debug.xcconfig */;
			buildSettings = {
				ASSETCATALOG_COMPILER_APPICON_NAME = AppIcon;
				ASSETCATALOG_COMPILER_GLOBAL_ACCENT_COLOR_NAME = AccentColor;
				CODE_SIGN_STYLE = Automatic;
				CURRENT_PROJECT_VERSION = 1;
				DEVELOPMENT_TEAM = UER9S2EB72;
				GENERATE_INFOPLIST_FILE = YES;
				INFOPLIST_FILE = "free-to-game-ui-kit/Info.plist";
				INFOPLIST_KEY_UIApplicationSupportsIndirectInputEvents = YES;
				INFOPLIST_KEY_UILaunchStoryboardName = LaunchScreen;
				INFOPLIST_KEY_UISupportedInterfaceOrientations_iPad = "UIInterfaceOrientationPortrait UIInterfaceOrientationPortraitUpsideDown UIInterfaceOrientationLandscapeLeft UIInterfaceOrientationLandscapeRight";
				INFOPLIST_KEY_UISupportedInterfaceOrientations_iPhone = "UIInterfaceOrientationPortrait UIInterfaceOrientationLandscapeLeft UIInterfaceOrientationLandscapeRight";
				LD_RUNPATH_SEARCH_PATHS = (
					"$(inherited)",
					"@executable_path/Frameworks",
				);
				MARKETING_VERSION = 1.0;
				PRODUCT_BUNDLE_IDENTIFIER = "home.free-to-game-ui-kit";
				PRODUCT_NAME = "$(TARGET_NAME)";
				SWIFT_EMIT_LOC_STRINGS = YES;
				SWIFT_VERSION = 5.0;
				TARGETED_DEVICE_FAMILY = "1,2";
			};
			name = Debug;
		};
		ADBEB64A286085A9008D44B4 /* Release */ = {
			isa = XCBuildConfiguration;
			baseConfigurationReference = 902AF9A75D3487C143F1E05F /* Pods-free-to-game-ui-kit.release.xcconfig */;
			buildSettings = {
				ASSETCATALOG_COMPILER_APPICON_NAME = AppIcon;
				ASSETCATALOG_COMPILER_GLOBAL_ACCENT_COLOR_NAME = AccentColor;
				CODE_SIGN_STYLE = Automatic;
				CURRENT_PROJECT_VERSION = 1;
				DEVELOPMENT_TEAM = UER9S2EB72;
				GENERATE_INFOPLIST_FILE = YES;
				INFOPLIST_FILE = "free-to-game-ui-kit/Info.plist";
				INFOPLIST_KEY_UIApplicationSupportsIndirectInputEvents = YES;
				INFOPLIST_KEY_UILaunchStoryboardName = LaunchScreen;
				INFOPLIST_KEY_UISupportedInterfaceOrientations_iPad = "UIInterfaceOrientationPortrait UIInterfaceOrientationPortraitUpsideDown UIInterfaceOrientationLandscapeLeft UIInterfaceOrientationLandscapeRight";
				INFOPLIST_KEY_UISupportedInterfaceOrientations_iPhone = "UIInterfaceOrientationPortrait UIInterfaceOrientationLandscapeLeft UIInterfaceOrientationLandscapeRight";
				LD_RUNPATH_SEARCH_PATHS = (
					"$(inherited)",
					"@executable_path/Frameworks",
				);
				MARKETING_VERSION = 1.0;
				PRODUCT_BUNDLE_IDENTIFIER = "home.free-to-game-ui-kit";
				PRODUCT_NAME = "$(TARGET_NAME)";
				SWIFT_EMIT_LOC_STRINGS = YES;
				SWIFT_VERSION = 5.0;
				TARGETED_DEVICE_FAMILY = "1,2";
			};
			name = Release;
		};
/* End XCBuildConfiguration section */

/* Begin XCConfigurationList section */
		ADBEB62F286085A8008D44B4 /* Build configuration list for PBXProject "free-to-game-ui-kit" */ = {
			isa = XCConfigurationList;
			buildConfigurations = (
				ADBEB646286085A9008D44B4 /* Debug */,
				ADBEB647286085A9008D44B4 /* Release */,
			);
			defaultConfigurationIsVisible = 0;
			defaultConfigurationName = Release;
		};
		ADBEB648286085A9008D44B4 /* Build configuration list for PBXNativeTarget "free-to-game-ui-kit" */ = {
			isa = XCConfigurationList;
			buildConfigurations = (
				ADBEB649286085A9008D44B4 /* Debug */,
				ADBEB64A286085A9008D44B4 /* Release */,
			);
			defaultConfigurationIsVisible = 0;
			defaultConfigurationName = Release;
		};
/* End XCConfigurationList section */
	};
	rootObject = ADBEB62C286085A8008D44B4 /* Project object */;
}
