// !$*UTF8*$!
{
	archiveVersion = 1;
	classes = {
	};
	objectVersion = 55;
	objects = {

/* Begin PBXBuildFile section */
		237248835F1E67E7C8DE0D29 /* Pods_free_to_game_ui_kit.framework in Frameworks */ = {isa = PBXBuildFile; fileRef = A7F6F65F3871C22290F69633 /* Pods_free_to_game_ui_kit.framework */; };
		AD849D84286EF4FB00C41792 /* UIFont+Extension.swift in Sources */ = {isa = PBXBuildFile; fileRef = AD849D83286EF4FB00C41792 /* UIFont+Extension.swift */; };
		AD849DD1287560C300C41792 /* NetworkErrorTests.swift in Sources */ = {isa = PBXBuildFile; fileRef = AD849DD0287560C300C41792 /* NetworkErrorTests.swift */; };
		AD8565832862295400BA430A /* GameCell.swift in Sources */ = {isa = PBXBuildFile; fileRef = AD8565822862295400BA430A /* GameCell.swift */; };
		AD856586286229A000BA430A /* UIView+Extension.swift in Sources */ = {isa = PBXBuildFile; fileRef = AD856585286229A000BA430A /* UIView+Extension.swift */; };
		AD856589286330E000BA430A /* TagView.swift in Sources */ = {isa = PBXBuildFile; fileRef = AD856588286330E000BA430A /* TagView.swift */; };
		AD85658B2863312900BA430A /* CardView.swift in Sources */ = {isa = PBXBuildFile; fileRef = AD85658A2863312900BA430A /* CardView.swift */; };
		AD85658E2863665700BA430A /* GameCellModel.swift in Sources */ = {isa = PBXBuildFile; fileRef = AD85658D2863665700BA430A /* GameCellModel.swift */; };
		AD856590286366E200BA430A /* GamesViewModel.swift in Sources */ = {isa = PBXBuildFile; fileRef = AD85658F286366E200BA430A /* GamesViewModel.swift */; };
		AD85659228636BAD00BA430A /* NSObject+Extension.swift in Sources */ = {isa = PBXBuildFile; fileRef = AD85659128636BAD00BA430A /* NSObject+Extension.swift */; };
		AD85659528636D0900BA430A /* StringIdentifiable.swift in Sources */ = {isa = PBXBuildFile; fileRef = AD85659428636D0900BA430A /* StringIdentifiable.swift */; };
		AD85659728647C9B00BA430A /* UIViewController+Extension.swift in Sources */ = {isa = PBXBuildFile; fileRef = AD85659628647C9B00BA430A /* UIViewController+Extension.swift */; };
		AD85659C28647CEC00BA430A /* ProgressView.swift in Sources */ = {isa = PBXBuildFile; fileRef = AD85659B28647CEC00BA430A /* ProgressView.swift */; };
		AD8565A02864802800BA430A /* InfoView.swift in Sources */ = {isa = PBXBuildFile; fileRef = AD85659F2864802800BA430A /* InfoView.swift */; };
		AD8565A3286596C600BA430A /* GameInfoAssembly.swift in Sources */ = {isa = PBXBuildFile; fileRef = AD8565A2286596C600BA430A /* GameInfoAssembly.swift */; };
		AD8565A52865973E00BA430A /* GameInfoViewController.swift in Sources */ = {isa = PBXBuildFile; fileRef = AD8565A42865973E00BA430A /* GameInfoViewController.swift */; };
		AD8565A72865975E00BA430A /* GameInfoViewModel.swift in Sources */ = {isa = PBXBuildFile; fileRef = AD8565A62865975E00BA430A /* GameInfoViewModel.swift */; };
		AD8565A92865CB0400BA430A /* UIStackView+Extension.swift in Sources */ = {isa = PBXBuildFile; fileRef = AD8565A82865CB0400BA430A /* UIStackView+Extension.swift */; };
		AD8565AC2865EDE400BA430A /* TextInfoBlockView.swift in Sources */ = {isa = PBXBuildFile; fileRef = AD8565AB2865EDE400BA430A /* TextInfoBlockView.swift */; };
		AD8565AE2865EE1500BA430A /* TitleInfoView.swift in Sources */ = {isa = PBXBuildFile; fileRef = AD8565AD2865EE1500BA430A /* TitleInfoView.swift */; };
		AD8565B02866F6E100BA430A /* UILabel+Extension.swift in Sources */ = {isa = PBXBuildFile; fileRef = AD8565AF2866F6E100BA430A /* UILabel+Extension.swift */; };
		AD8565B32866FFCB00BA430A /* HStackView.swift in Sources */ = {isa = PBXBuildFile; fileRef = AD8565B22866FFCB00BA430A /* HStackView.swift */; };
		AD8565B52867001F00BA430A /* VStackView.swift in Sources */ = {isa = PBXBuildFile; fileRef = AD8565B42867001F00BA430A /* VStackView.swift */; };
		AD8565B728688E3900BA430A /* GameInfoView.swift in Sources */ = {isa = PBXBuildFile; fileRef = AD8565B628688E3900BA430A /* GameInfoView.swift */; };
		AD8565B9286AE3AC00BA430A /* GameInfoModel.swift in Sources */ = {isa = PBXBuildFile; fileRef = AD8565B8286AE3AC00BA430A /* GameInfoModel.swift */; };
		AD8565BB286AE8E400BA430A /* UIScrollView+Extension.swift in Sources */ = {isa = PBXBuildFile; fileRef = AD8565BA286AE8E400BA430A /* UIScrollView+Extension.swift */; };
		AD8565BD286C39C400BA430A /* ImageCarouselView.swift in Sources */ = {isa = PBXBuildFile; fileRef = AD8565BC286C39C400BA430A /* ImageCarouselView.swift */; };
		AD8565BF286C3B9A00BA430A /* GameInfo.swift in Sources */ = {isa = PBXBuildFile; fileRef = AD8565BE286C3B9A00BA430A /* GameInfo.swift */; };
		AD8565C1286C3C1700BA430A /* Games.swift in Sources */ = {isa = PBXBuildFile; fileRef = AD8565C0286C3C1700BA430A /* Games.swift */; };
		AD8565C3286C422F00BA430A /* UIImage+Extension.swift in Sources */ = {isa = PBXBuildFile; fileRef = AD8565C2286C422F00BA430A /* UIImage+Extension.swift */; };
		AD8565C5286C425A00BA430A /* UIButton+Extension.swift in Sources */ = {isa = PBXBuildFile; fileRef = AD8565C4286C425A00BA430A /* UIButton+Extension.swift */; };
		AD8565C7286C44E600BA430A /* UIColor+Extension.swift in Sources */ = {isa = PBXBuildFile; fileRef = AD8565C6286C44E600BA430A /* UIColor+Extension.swift */; };
		AD8565C9286C499A00BA430A /* PrimaryButton.swift in Sources */ = {isa = PBXBuildFile; fileRef = AD8565C8286C499A00BA430A /* PrimaryButton.swift */; };
		AD8565CB286C4CC200BA430A /* ShadowView.swift in Sources */ = {isa = PBXBuildFile; fileRef = AD8565CA286C4CC200BA430A /* ShadowView.swift */; };
		AD8565CE286C52C200BA430A /* WebViewController.swift in Sources */ = {isa = PBXBuildFile; fileRef = AD8565CD286C52C200BA430A /* WebViewController.swift */; };
		AD8565D0286C56F400BA430A /* WebViewAssembly.swift in Sources */ = {isa = PBXBuildFile; fileRef = AD8565CF286C56F400BA430A /* WebViewAssembly.swift */; };
		AD8565D3286D843700BA430A /* Localizable.strings in Resources */ = {isa = PBXBuildFile; fileRef = AD8565D5286D843700BA430A /* Localizable.strings */; };
		ADBB60802861B54E003E26A3 /* API.swift in Sources */ = {isa = PBXBuildFile; fileRef = ADBB607F2861B54E003E26A3 /* API.swift */; };
		ADBB60822861B572003E26A3 /* NetworkError.swift in Sources */ = {isa = PBXBuildFile; fileRef = ADBB60812861B572003E26A3 /* NetworkError.swift */; };
		ADBB60842861B595003E26A3 /* API+EndPoint.swift in Sources */ = {isa = PBXBuildFile; fileRef = ADBB60832861B595003E26A3 /* API+EndPoint.swift */; };
		ADBB60872861B5C8003E26A3 /* ShortGameModel.swift in Sources */ = {isa = PBXBuildFile; fileRef = ADBB60862861B5C8003E26A3 /* ShortGameModel.swift */; };
		ADBB60892861B5E1003E26A3 /* ExtendedGameModel.swift in Sources */ = {isa = PBXBuildFile; fileRef = ADBB60882861B5E1003E26A3 /* ExtendedGameModel.swift */; };
		ADBB608B2861B600003E26A3 /* SystemRequirementsModel.swift in Sources */ = {isa = PBXBuildFile; fileRef = ADBB608A2861B600003E26A3 /* SystemRequirementsModel.swift */; };
		ADBB608D2861B623003E26A3 /* ScreenshotModel.swift in Sources */ = {isa = PBXBuildFile; fileRef = ADBB608C2861B623003E26A3 /* ScreenshotModel.swift */; };
		ADBB609028621722003E26A3 /* GamesViewController.swift in Sources */ = {isa = PBXBuildFile; fileRef = ADBB608F28621722003E26A3 /* GamesViewController.swift */; };
		ADBB609228621E08003E26A3 /* GamesAssembly.swift in Sources */ = {isa = PBXBuildFile; fileRef = ADBB609128621E08003E26A3 /* GamesAssembly.swift */; };
		ADBEB638286085A8008D44B4 /* AppDelegate.swift in Sources */ = {isa = PBXBuildFile; fileRef = ADBEB637286085A8008D44B4 /* AppDelegate.swift */; };
		ADBEB63A286085A8008D44B4 /* SceneDelegate.swift in Sources */ = {isa = PBXBuildFile; fileRef = ADBEB639286085A8008D44B4 /* SceneDelegate.swift */; };
		ADBEB63C286085A8008D44B4 /* EmptyViewController.swift in Sources */ = {isa = PBXBuildFile; fileRef = ADBEB63B286085A8008D44B4 /* EmptyViewController.swift */; };
		ADBEB641286085A9008D44B4 /* Assets.xcassets in Resources */ = {isa = PBXBuildFile; fileRef = ADBEB640286085A9008D44B4 /* Assets.xcassets */; };
		ADBEB644286085A9008D44B4 /* LaunchScreen.storyboard in Resources */ = {isa = PBXBuildFile; fileRef = ADBEB642286085A9008D44B4 /* LaunchScreen.storyboard */; };
		ADBEB64E28608603008D44B4 /* Coordinator.swift in Sources */ = {isa = PBXBuildFile; fileRef = ADBEB64D28608603008D44B4 /* Coordinator.swift */; };
		ADBEB65028608620008D44B4 /* CoordinatorFactory.swift in Sources */ = {isa = PBXBuildFile; fileRef = ADBEB64F28608620008D44B4 /* CoordinatorFactory.swift */; };
		ADBEB65228608644008D44B4 /* AppCoordinator.swift in Sources */ = {isa = PBXBuildFile; fileRef = ADBEB65128608644008D44B4 /* AppCoordinator.swift */; };
		ADBEB65628608695008D44B4 /* MainCoordinator.swift in Sources */ = {isa = PBXBuildFile; fileRef = ADBEB65528608695008D44B4 /* MainCoordinator.swift */; };
		ADBEB65928608700008D44B4 /* EmptyViewControllerAssembly.swift in Sources */ = {isa = PBXBuildFile; fileRef = ADBEB65828608700008D44B4 /* EmptyViewControllerAssembly.swift */; };
/* End PBXBuildFile section */

/* Begin PBXContainerItemProxy section */
		AD849DCA2875603E00C41792 /* PBXContainerItemProxy */ = {
			isa = PBXContainerItemProxy;
			containerPortal = ADBEB62C286085A8008D44B4 /* Project object */;
			proxyType = 1;
			remoteGlobalIDString = ADBEB633286085A8008D44B4;
			remoteInfo = "free-to-game-ui-kit";
		};
/* End PBXContainerItemProxy section */

/* Begin PBXFileReference section */
		809C746846DF78657648A85B /* Pods-free-to-game-ui-kit.debug.xcconfig */ = {isa = PBXFileReference; includeInIndex = 1; lastKnownFileType = text.xcconfig; name = "Pods-free-to-game-ui-kit.debug.xcconfig"; path = "Target Support Files/Pods-free-to-game-ui-kit/Pods-free-to-game-ui-kit.debug.xcconfig"; sourceTree = "<group>"; };
		902AF9A75D3487C143F1E05F /* Pods-free-to-game-ui-kit.release.xcconfig */ = {isa = PBXFileReference; includeInIndex = 1; lastKnownFileType = text.xcconfig; name = "Pods-free-to-game-ui-kit.release.xcconfig"; path = "Target Support Files/Pods-free-to-game-ui-kit/Pods-free-to-game-ui-kit.release.xcconfig"; sourceTree = "<group>"; };
		A7F6F65F3871C22290F69633 /* Pods_free_to_game_ui_kit.framework */ = {isa = PBXFileReference; explicitFileType = wrapper.framework; includeInIndex = 0; path = Pods_free_to_game_ui_kit.framework; sourceTree = BUILT_PRODUCTS_DIR; };
		AD849D83286EF4FB00C41792 /* UIFont+Extension.swift */ = {isa = PBXFileReference; lastKnownFileType = sourcecode.swift; path = "UIFont+Extension.swift"; sourceTree = "<group>"; };
		AD849DC62875603E00C41792 /* free-to-game-unit-tests.xctest */ = {isa = PBXFileReference; explicitFileType = wrapper.cfbundle; includeInIndex = 0; path = "free-to-game-unit-tests.xctest"; sourceTree = BUILT_PRODUCTS_DIR; };
		AD849DD0287560C300C41792 /* NetworkErrorTests.swift */ = {isa = PBXFileReference; lastKnownFileType = sourcecode.swift; path = NetworkErrorTests.swift; sourceTree = "<group>"; };
		AD8565822862295400BA430A /* GameCell.swift */ = {isa = PBXFileReference; lastKnownFileType = sourcecode.swift; path = GameCell.swift; sourceTree = "<group>"; };
		AD856585286229A000BA430A /* UIView+Extension.swift */ = {isa = PBXFileReference; lastKnownFileType = sourcecode.swift; path = "UIView+Extension.swift"; sourceTree = "<group>"; };
		AD856588286330E000BA430A /* TagView.swift */ = {isa = PBXFileReference; lastKnownFileType = sourcecode.swift; path = TagView.swift; sourceTree = "<group>"; };
		AD85658A2863312900BA430A /* CardView.swift */ = {isa = PBXFileReference; lastKnownFileType = sourcecode.swift; path = CardView.swift; sourceTree = "<group>"; };
		AD85658D2863665700BA430A /* GameCellModel.swift */ = {isa = PBXFileReference; lastKnownFileType = sourcecode.swift; path = GameCellModel.swift; sourceTree = "<group>"; };
		AD85658F286366E200BA430A /* GamesViewModel.swift */ = {isa = PBXFileReference; lastKnownFileType = sourcecode.swift; path = GamesViewModel.swift; sourceTree = "<group>"; };
		AD85659128636BAD00BA430A /* NSObject+Extension.swift */ = {isa = PBXFileReference; lastKnownFileType = sourcecode.swift; path = "NSObject+Extension.swift"; sourceTree = "<group>"; };
		AD85659428636D0900BA430A /* StringIdentifiable.swift */ = {isa = PBXFileReference; lastKnownFileType = sourcecode.swift; path = StringIdentifiable.swift; sourceTree = "<group>"; };
		AD85659628647C9B00BA430A /* UIViewController+Extension.swift */ = {isa = PBXFileReference; lastKnownFileType = sourcecode.swift; path = "UIViewController+Extension.swift"; sourceTree = "<group>"; };
		AD85659B28647CEC00BA430A /* ProgressView.swift */ = {isa = PBXFileReference; lastKnownFileType = sourcecode.swift; path = ProgressView.swift; sourceTree = "<group>"; };
		AD85659F2864802800BA430A /* InfoView.swift */ = {isa = PBXFileReference; lastKnownFileType = sourcecode.swift; path = InfoView.swift; sourceTree = "<group>"; };
		AD8565A2286596C600BA430A /* GameInfoAssembly.swift */ = {isa = PBXFileReference; lastKnownFileType = sourcecode.swift; path = GameInfoAssembly.swift; sourceTree = "<group>"; };
		AD8565A42865973E00BA430A /* GameInfoViewController.swift */ = {isa = PBXFileReference; lastKnownFileType = sourcecode.swift; path = GameInfoViewController.swift; sourceTree = "<group>"; };
		AD8565A62865975E00BA430A /* GameInfoViewModel.swift */ = {isa = PBXFileReference; lastKnownFileType = sourcecode.swift; path = GameInfoViewModel.swift; sourceTree = "<group>"; };
		AD8565A82865CB0400BA430A /* UIStackView+Extension.swift */ = {isa = PBXFileReference; lastKnownFileType = sourcecode.swift; path = "UIStackView+Extension.swift"; sourceTree = "<group>"; };
		AD8565AB2865EDE400BA430A /* TextInfoBlockView.swift */ = {isa = PBXFileReference; lastKnownFileType = sourcecode.swift; path = TextInfoBlockView.swift; sourceTree = "<group>"; };
		AD8565AD2865EE1500BA430A /* TitleInfoView.swift */ = {isa = PBXFileReference; lastKnownFileType = sourcecode.swift; path = TitleInfoView.swift; sourceTree = "<group>"; };
		AD8565AF2866F6E100BA430A /* UILabel+Extension.swift */ = {isa = PBXFileReference; lastKnownFileType = sourcecode.swift; path = "UILabel+Extension.swift"; sourceTree = "<group>"; };
		AD8565B22866FFCB00BA430A /* HStackView.swift */ = {isa = PBXFileReference; lastKnownFileType = sourcecode.swift; path = HStackView.swift; sourceTree = "<group>"; };
		AD8565B42867001F00BA430A /* VStackView.swift */ = {isa = PBXFileReference; lastKnownFileType = sourcecode.swift; path = VStackView.swift; sourceTree = "<group>"; };
		AD8565B628688E3900BA430A /* GameInfoView.swift */ = {isa = PBXFileReference; lastKnownFileType = sourcecode.swift; path = GameInfoView.swift; sourceTree = "<group>"; };
		AD8565B8286AE3AC00BA430A /* GameInfoModel.swift */ = {isa = PBXFileReference; lastKnownFileType = sourcecode.swift; path = GameInfoModel.swift; sourceTree = "<group>"; };
		AD8565BA286AE8E400BA430A /* UIScrollView+Extension.swift */ = {isa = PBXFileReference; lastKnownFileType = sourcecode.swift; path = "UIScrollView+Extension.swift"; sourceTree = "<group>"; };
		AD8565BC286C39C400BA430A /* ImageCarouselView.swift */ = {isa = PBXFileReference; lastKnownFileType = sourcecode.swift; path = ImageCarouselView.swift; sourceTree = "<group>"; };
		AD8565BE286C3B9A00BA430A /* GameInfo.swift */ = {isa = PBXFileReference; lastKnownFileType = sourcecode.swift; path = GameInfo.swift; sourceTree = "<group>"; };
		AD8565C0286C3C1700BA430A /* Games.swift */ = {isa = PBXFileReference; lastKnownFileType = sourcecode.swift; path = Games.swift; sourceTree = "<group>"; };
		AD8565C2286C422F00BA430A /* UIImage+Extension.swift */ = {isa = PBXFileReference; lastKnownFileType = sourcecode.swift; path = "UIImage+Extension.swift"; sourceTree = "<group>"; };
		AD8565C4286C425A00BA430A /* UIButton+Extension.swift */ = {isa = PBXFileReference; lastKnownFileType = sourcecode.swift; path = "UIButton+Extension.swift"; sourceTree = "<group>"; };
		AD8565C6286C44E600BA430A /* UIColor+Extension.swift */ = {isa = PBXFileReference; lastKnownFileType = sourcecode.swift; path = "UIColor+Extension.swift"; sourceTree = "<group>"; };
		AD8565C8286C499A00BA430A /* PrimaryButton.swift */ = {isa = PBXFileReference; lastKnownFileType = sourcecode.swift; path = PrimaryButton.swift; sourceTree = "<group>"; };
		AD8565CA286C4CC200BA430A /* ShadowView.swift */ = {isa = PBXFileReference; lastKnownFileType = sourcecode.swift; path = ShadowView.swift; sourceTree = "<group>"; };
		AD8565CD286C52C200BA430A /* WebViewController.swift */ = {isa = PBXFileReference; lastKnownFileType = sourcecode.swift; path = WebViewController.swift; sourceTree = "<group>"; };
		AD8565CF286C56F400BA430A /* WebViewAssembly.swift */ = {isa = PBXFileReference; lastKnownFileType = sourcecode.swift; path = WebViewAssembly.swift; sourceTree = "<group>"; };
		AD8565D4286D843700BA430A /* en */ = {isa = PBXFileReference; lastKnownFileType = text.plist.strings; name = en; path = en.lproj/Localizable.strings; sourceTree = "<group>"; };
		ADBB607F2861B54E003E26A3 /* API.swift */ = {isa = PBXFileReference; lastKnownFileType = sourcecode.swift; path = API.swift; sourceTree = "<group>"; };
		ADBB60812861B572003E26A3 /* NetworkError.swift */ = {isa = PBXFileReference; lastKnownFileType = sourcecode.swift; path = NetworkError.swift; sourceTree = "<group>"; };
		ADBB60832861B595003E26A3 /* API+EndPoint.swift */ = {isa = PBXFileReference; lastKnownFileType = sourcecode.swift; path = "API+EndPoint.swift"; sourceTree = "<group>"; };
		ADBB60862861B5C8003E26A3 /* ShortGameModel.swift */ = {isa = PBXFileReference; lastKnownFileType = sourcecode.swift; path = ShortGameModel.swift; sourceTree = "<group>"; };
		ADBB60882861B5E1003E26A3 /* ExtendedGameModel.swift */ = {isa = PBXFileReference; lastKnownFileType = sourcecode.swift; path = ExtendedGameModel.swift; sourceTree = "<group>"; };
		ADBB608A2861B600003E26A3 /* SystemRequirementsModel.swift */ = {isa = PBXFileReference; lastKnownFileType = sourcecode.swift; path = SystemRequirementsModel.swift; sourceTree = "<group>"; };
		ADBB608C2861B623003E26A3 /* ScreenshotModel.swift */ = {isa = PBXFileReference; lastKnownFileType = sourcecode.swift; path = ScreenshotModel.swift; sourceTree = "<group>"; };
		ADBB608F28621722003E26A3 /* GamesViewController.swift */ = {isa = PBXFileReference; lastKnownFileType = sourcecode.swift; path = GamesViewController.swift; sourceTree = "<group>"; };
		ADBB609128621E08003E26A3 /* GamesAssembly.swift */ = {isa = PBXFileReference; lastKnownFileType = sourcecode.swift; path = GamesAssembly.swift; sourceTree = "<group>"; };
		ADBEB634286085A8008D44B4 /* free-to-game-ui-kit.app */ = {isa = PBXFileReference; explicitFileType = wrapper.application; includeInIndex = 0; path = "free-to-game-ui-kit.app"; sourceTree = BUILT_PRODUCTS_DIR; };
		ADBEB637286085A8008D44B4 /* AppDelegate.swift */ = {isa = PBXFileReference; lastKnownFileType = sourcecode.swift; path = AppDelegate.swift; sourceTree = "<group>"; };
		ADBEB639286085A8008D44B4 /* SceneDelegate.swift */ = {isa = PBXFileReference; lastKnownFileType = sourcecode.swift; path = SceneDelegate.swift; sourceTree = "<group>"; };
		ADBEB63B286085A8008D44B4 /* EmptyViewController.swift */ = {isa = PBXFileReference; lastKnownFileType = sourcecode.swift; path = EmptyViewController.swift; sourceTree = "<group>"; };
		ADBEB640286085A9008D44B4 /* Assets.xcassets */ = {isa = PBXFileReference; lastKnownFileType = folder.assetcatalog; path = Assets.xcassets; sourceTree = "<group>"; };
		ADBEB643286085A9008D44B4 /* Base */ = {isa = PBXFileReference; lastKnownFileType = file.storyboard; name = Base; path = Base.lproj/LaunchScreen.storyboard; sourceTree = "<group>"; };
		ADBEB645286085A9008D44B4 /* Info.plist */ = {isa = PBXFileReference; lastKnownFileType = text.plist.xml; path = Info.plist; sourceTree = "<group>"; };
		ADBEB64D28608603008D44B4 /* Coordinator.swift */ = {isa = PBXFileReference; lastKnownFileType = sourcecode.swift; path = Coordinator.swift; sourceTree = "<group>"; };
		ADBEB64F28608620008D44B4 /* CoordinatorFactory.swift */ = {isa = PBXFileReference; lastKnownFileType = sourcecode.swift; path = CoordinatorFactory.swift; sourceTree = "<group>"; };
		ADBEB65128608644008D44B4 /* AppCoordinator.swift */ = {isa = PBXFileReference; lastKnownFileType = sourcecode.swift; path = AppCoordinator.swift; sourceTree = "<group>"; };
		ADBEB65528608695008D44B4 /* MainCoordinator.swift */ = {isa = PBXFileReference; lastKnownFileType = sourcecode.swift; path = MainCoordinator.swift; sourceTree = "<group>"; };
		ADBEB65828608700008D44B4 /* EmptyViewControllerAssembly.swift */ = {isa = PBXFileReference; lastKnownFileType = sourcecode.swift; path = EmptyViewControllerAssembly.swift; sourceTree = "<group>"; };
/* End PBXFileReference section */

/* Begin PBXFrameworksBuildPhase section */
		AD849DC32875603E00C41792 /* Frameworks */ = {
			isa = PBXFrameworksBuildPhase;
			buildActionMask = 2147483647;
			files = (
			);
			runOnlyForDeploymentPostprocessing = 0;
		};
		ADBEB631286085A8008D44B4 /* Frameworks */ = {
			isa = PBXFrameworksBuildPhase;
			buildActionMask = 2147483647;
			files = (
				237248835F1E67E7C8DE0D29 /* Pods_free_to_game_ui_kit.framework in Frameworks */,
			);
			runOnlyForDeploymentPostprocessing = 0;
		};
/* End PBXFrameworksBuildPhase section */

/* Begin PBXGroup section */
		4ABF92740DA77EB966542707 /* Pods */ = {
			isa = PBXGroup;
			children = (
				809C746846DF78657648A85B /* Pods-free-to-game-ui-kit.debug.xcconfig */,
				902AF9A75D3487C143F1E05F /* Pods-free-to-game-ui-kit.release.xcconfig */,
			);
			path = Pods;
			sourceTree = "<group>";
		};
		AD849DC72875603E00C41792 /* free-to-game-unit-tests */ = {
			isa = PBXGroup;
			children = (
				AD849DD2287560CE00C41792 /* Cases */,
			);
			path = "free-to-game-unit-tests";
			sourceTree = "<group>";
		};
		AD849DCF2875606F00C41792 /* Network */ = {
			isa = PBXGroup;
			children = (
				AD849DD0287560C300C41792 /* NetworkErrorTests.swift */,
			);
			path = Network;
			sourceTree = "<group>";
		};
		AD849DD2287560CE00C41792 /* Cases */ = {
			isa = PBXGroup;
			children = (
				AD849DCF2875606F00C41792 /* Network */,
			);
			path = Cases;
			sourceTree = "<group>";
		};
		AD8565842862298500BA430A /* Extensions */ = {
			isa = PBXGroup;
			children = (
				AD856585286229A000BA430A /* UIView+Extension.swift */,
				AD85659128636BAD00BA430A /* NSObject+Extension.swift */,
				AD85659628647C9B00BA430A /* UIViewController+Extension.swift */,
				AD8565A82865CB0400BA430A /* UIStackView+Extension.swift */,
				AD8565AF2866F6E100BA430A /* UILabel+Extension.swift */,
				AD8565BA286AE8E400BA430A /* UIScrollView+Extension.swift */,
				AD8565C2286C422F00BA430A /* UIImage+Extension.swift */,
				AD8565C4286C425A00BA430A /* UIButton+Extension.swift */,
				AD8565C6286C44E600BA430A /* UIColor+Extension.swift */,
				AD849D83286EF4FB00C41792 /* UIFont+Extension.swift */,
			);
			path = Extensions;
			sourceTree = "<group>";
		};
		AD856587286330AE00BA430A /* CommonViews */ = {
			isa = PBXGroup;
			children = (
				AD8565B12866FFBB00BA430A /* Stack */,
				AD8565AA2865EDD300BA430A /* TextInfo */,
				AD85659828647CBD00BA430A /* Stubs */,
				AD856588286330E000BA430A /* TagView.swift */,
				AD85658A2863312900BA430A /* CardView.swift */,
				AD8565BC286C39C400BA430A /* ImageCarouselView.swift */,
				AD8565C8286C499A00BA430A /* PrimaryButton.swift */,
				AD8565CA286C4CC200BA430A /* ShadowView.swift */,
			);
			path = CommonViews;
			sourceTree = "<group>";
		};
		AD85658C2863663A00BA430A /* GameCell */ = {
			isa = PBXGroup;
			children = (
				AD8565822862295400BA430A /* GameCell.swift */,
				AD85658D2863665700BA430A /* GameCellModel.swift */,
			);
			path = GameCell;
			sourceTree = "<group>";
		};
		AD85659328636C4700BA430A /* Helpers */ = {
			isa = PBXGroup;
			children = (
				AD85659428636D0900BA430A /* StringIdentifiable.swift */,
			);
			path = Helpers;
			sourceTree = "<group>";
		};
		AD85659828647CBD00BA430A /* Stubs */ = {
			isa = PBXGroup;
			children = (
				AD85659B28647CEC00BA430A /* ProgressView.swift */,
				AD85659F2864802800BA430A /* InfoView.swift */,
			);
			path = Stubs;
			sourceTree = "<group>";
		};
		AD8565A12864C6B000BA430A /* GameInfo */ = {
			isa = PBXGroup;
			children = (
				AD8565D8286D964C00BA430A /* InfoView */,
				AD8565A2286596C600BA430A /* GameInfoAssembly.swift */,
				AD8565A42865973E00BA430A /* GameInfoViewController.swift */,
				AD8565A62865975E00BA430A /* GameInfoViewModel.swift */,
				AD8565BE286C3B9A00BA430A /* GameInfo.swift */,
			);
			path = GameInfo;
			sourceTree = "<group>";
		};
		AD8565AA2865EDD300BA430A /* TextInfo */ = {
			isa = PBXGroup;
			children = (
				AD8565AB2865EDE400BA430A /* TextInfoBlockView.swift */,
				AD8565AD2865EE1500BA430A /* TitleInfoView.swift */,
			);
			path = TextInfo;
			sourceTree = "<group>";
		};
		AD8565B12866FFBB00BA430A /* Stack */ = {
			isa = PBXGroup;
			children = (
				AD8565B22866FFCB00BA430A /* HStackView.swift */,
				AD8565B42867001F00BA430A /* VStackView.swift */,
			);
			path = Stack;
			sourceTree = "<group>";
		};
		AD8565CC286C52A700BA430A /* Web */ = {
			isa = PBXGroup;
			children = (
				AD8565CF286C56F400BA430A /* WebViewAssembly.swift */,
				AD8565CD286C52C200BA430A /* WebViewController.swift */,
			);
			path = Web;
			sourceTree = "<group>";
		};
		AD8565D7286D90E600BA430A /* Resources */ = {
			isa = PBXGroup;
			children = (
				ADBEB645286085A9008D44B4 /* Info.plist */,
				ADBEB642286085A9008D44B4 /* LaunchScreen.storyboard */,
				AD8565D5286D843700BA430A /* Localizable.strings */,
				ADBEB640286085A9008D44B4 /* Assets.xcassets */,
			);
			path = Resources;
			sourceTree = "<group>";
		};
		AD8565D8286D964C00BA430A /* InfoView */ = {
			isa = PBXGroup;
			children = (
				AD8565B628688E3900BA430A /* GameInfoView.swift */,
				AD8565B8286AE3AC00BA430A /* GameInfoModel.swift */,
			);
			path = InfoView;
			sourceTree = "<group>";
		};
		ADBB607E2861B52E003E26A3 /* Network */ = {
			isa = PBXGroup;
			children = (
				ADBB60812861B572003E26A3 /* NetworkError.swift */,
				ADBB607F2861B54E003E26A3 /* API.swift */,
				ADBB60832861B595003E26A3 /* API+EndPoint.swift */,
			);
			path = Network;
			sourceTree = "<group>";
		};
		ADBB60852861B5A8003E26A3 /* RawModels */ = {
			isa = PBXGroup;
			children = (
				ADBB60862861B5C8003E26A3 /* ShortGameModel.swift */,
				ADBB60882861B5E1003E26A3 /* ExtendedGameModel.swift */,
				ADBB608A2861B600003E26A3 /* SystemRequirementsModel.swift */,
				ADBB608C2861B623003E26A3 /* ScreenshotModel.swift */,
			);
			path = RawModels;
			sourceTree = "<group>";
		};
		ADBB608E286216ED003E26A3 /* Games */ = {
			isa = PBXGroup;
			children = (
				AD85658C2863663A00BA430A /* GameCell */,
				ADBB609128621E08003E26A3 /* GamesAssembly.swift */,
				ADBB608F28621722003E26A3 /* GamesViewController.swift */,
				AD85658F286366E200BA430A /* GamesViewModel.swift */,
				AD8565C0286C3C1700BA430A /* Games.swift */,
			);
			path = Games;
			sourceTree = "<group>";
		};
		ADBEB62B286085A8008D44B4 = {
			isa = PBXGroup;
			children = (
				ADBEB636286085A8008D44B4 /* free-to-game-ui-kit */,
				AD849DC72875603E00C41792 /* free-to-game-unit-tests */,
				ADBEB635286085A8008D44B4 /* Products */,
				4ABF92740DA77EB966542707 /* Pods */,
				D6B0AA5DEC9A05475BACA4C2 /* Frameworks */,
			);
			sourceTree = "<group>";
		};
		ADBEB635286085A8008D44B4 /* Products */ = {
			isa = PBXGroup;
			children = (
				ADBEB634286085A8008D44B4 /* free-to-game-ui-kit.app */,
				AD849DC62875603E00C41792 /* free-to-game-unit-tests.xctest */,
			);
			name = Products;
			sourceTree = "<group>";
		};
		ADBEB636286085A8008D44B4 /* free-to-game-ui-kit */ = {
			isa = PBXGroup;
			children = (
				ADBEB64B286085BC008D44B4 /* Application */,
				ADBEB65328608672008D44B4 /* Flows */,
				ADBB607E2861B52E003E26A3 /* Network */,
				ADBB60852861B5A8003E26A3 /* RawModels */,
				AD856587286330AE00BA430A /* CommonViews */,
				AD85659328636C4700BA430A /* Helpers */,
				AD8565842862298500BA430A /* Extensions */,
				AD8565D7286D90E600BA430A /* Resources */,
			);
			path = "free-to-game-ui-kit";
			sourceTree = "<group>";
		};
		ADBEB64B286085BC008D44B4 /* Application */ = {
			isa = PBXGroup;
			children = (
				ADBEB637286085A8008D44B4 /* AppDelegate.swift */,
				ADBEB639286085A8008D44B4 /* SceneDelegate.swift */,
				ADBEB64C286085E4008D44B4 /* Coordinator */,
			);
			path = Application;
			sourceTree = "<group>";
		};
		ADBEB64C286085E4008D44B4 /* Coordinator */ = {
			isa = PBXGroup;
			children = (
				ADBEB64D28608603008D44B4 /* Coordinator.swift */,
				ADBEB64F28608620008D44B4 /* CoordinatorFactory.swift */,
				ADBEB65128608644008D44B4 /* AppCoordinator.swift */,
			);
			path = Coordinator;
			sourceTree = "<group>";
		};
		ADBEB65328608672008D44B4 /* Flows */ = {
			isa = PBXGroup;
			children = (
				ADBEB65428608679008D44B4 /* Main */,
			);
			path = Flows;
			sourceTree = "<group>";
		};
		ADBEB65428608679008D44B4 /* Main */ = {
			isa = PBXGroup;
			children = (
				ADBEB65528608695008D44B4 /* MainCoordinator.swift */,
				ADBB608E286216ED003E26A3 /* Games */,
				AD8565A12864C6B000BA430A /* GameInfo */,
				AD8565CC286C52A700BA430A /* Web */,
				ADBEB657286086DC008D44B4 /* EmptyScreen */,
			);
			path = Main;
			sourceTree = "<group>";
		};
		ADBEB657286086DC008D44B4 /* EmptyScreen */ = {
			isa = PBXGroup;
			children = (
				ADBEB65828608700008D44B4 /* EmptyViewControllerAssembly.swift */,
				ADBEB63B286085A8008D44B4 /* EmptyViewController.swift */,
			);
			path = EmptyScreen;
			sourceTree = "<group>";
		};
		D6B0AA5DEC9A05475BACA4C2 /* Frameworks */ = {
			isa = PBXGroup;
			children = (
				A7F6F65F3871C22290F69633 /* Pods_free_to_game_ui_kit.framework */,
			);
			name = Frameworks;
			sourceTree = "<group>";
		};
/* End PBXGroup section */

/* Begin PBXNativeTarget section */
		AD849DC52875603E00C41792 /* free-to-game-unit-tests */ = {
			isa = PBXNativeTarget;
			buildConfigurationList = AD849DCC2875603E00C41792 /* Build configuration list for PBXNativeTarget "free-to-game-unit-tests" */;
			buildPhases = (
				AD849DC22875603E00C41792 /* Sources */,
				AD849DC32875603E00C41792 /* Frameworks */,
				AD849DC42875603E00C41792 /* Resources */,
			);
			buildRules = (
			);
			dependencies = (
				AD849DCB2875603E00C41792 /* PBXTargetDependency */,
			);
			name = "free-to-game-unit-tests";
			productName = "free-to-game-unit-tests";
			productReference = AD849DC62875603E00C41792 /* free-to-game-unit-tests.xctest */;
			productType = "com.apple.product-type.bundle.unit-test";
		};
		ADBEB633286085A8008D44B4 /* free-to-game-ui-kit */ = {
			isa = PBXNativeTarget;
			buildConfigurationList = ADBEB648286085A9008D44B4 /* Build configuration list for PBXNativeTarget "free-to-game-ui-kit" */;
			buildPhases = (
				DE3EDF51439EA337676BA78A /* [CP] Check Pods Manifest.lock */,
				ADBEB630286085A8008D44B4 /* Sources */,
				ADBEB631286085A8008D44B4 /* Frameworks */,
				ADBEB632286085A8008D44B4 /* Resources */,
				7D28D2DF781A870830BCE392 /* [CP] Embed Pods Frameworks */,
			);
			buildRules = (
			);
			dependencies = (
			);
			name = "free-to-game-ui-kit";
			productName = "free-to-game-ui-kit";
			productReference = ADBEB634286085A8008D44B4 /* free-to-game-ui-kit.app */;
			productType = "com.apple.product-type.application";
		};
/* End PBXNativeTarget section */

/* Begin PBXProject section */
		ADBEB62C286085A8008D44B4 /* Project object */ = {
			isa = PBXProject;
			attributes = {
				BuildIndependentTargetsInParallel = 1;
				LastSwiftUpdateCheck = 1330;
				LastUpgradeCheck = 1330;
				TargetAttributes = {
					AD849DC52875603E00C41792 = {
						CreatedOnToolsVersion = 13.3;
						TestTargetID = ADBEB633286085A8008D44B4;
					};
					ADBEB633286085A8008D44B4 = {
						CreatedOnToolsVersion = 13.3;
					};
				};
			};
			buildConfigurationList = ADBEB62F286085A8008D44B4 /* Build configuration list for PBXProject "free-to-game-ui-kit" */;
			compatibilityVersion = "Xcode 13.0";
			developmentRegion = en;
			hasScannedForEncodings = 0;
			knownRegions = (
				en,
				Base,
			);
			mainGroup = ADBEB62B286085A8008D44B4;
			productRefGroup = ADBEB635286085A8008D44B4 /* Products */;
			projectDirPath = "";
			projectRoot = "";
			targets = (
				ADBEB633286085A8008D44B4 /* free-to-game-ui-kit */,
				AD849DC52875603E00C41792 /* free-to-game-unit-tests */,
			);
		};
/* End PBXProject section */

/* Begin PBXResourcesBuildPhase section */
		AD849DC42875603E00C41792 /* Resources */ = {
			isa = PBXResourcesBuildPhase;
			buildActionMask = 2147483647;
			files = (
			);
			runOnlyForDeploymentPostprocessing = 0;
		};
		ADBEB632286085A8008D44B4 /* Resources */ = {
			isa = PBXResourcesBuildPhase;
			buildActionMask = 2147483647;
			files = (
				ADBEB644286085A9008D44B4 /* LaunchScreen.storyboard in Resources */,
				AD8565D3286D843700BA430A /* Localizable.strings in Resources */,
				ADBEB641286085A9008D44B4 /* Assets.xcassets in Resources */,
			);
			runOnlyForDeploymentPostprocessing = 0;
		};
/* End PBXResourcesBuildPhase section */

/* Begin PBXShellScriptBuildPhase section */
		7D28D2DF781A870830BCE392 /* [CP] Embed Pods Frameworks */ = {
			isa = PBXShellScriptBuildPhase;
			buildActionMask = 2147483647;
			files = (
			);
			inputFileListPaths = (
				"${PODS_ROOT}/Target Support Files/Pods-free-to-game-ui-kit/Pods-free-to-game-ui-kit-frameworks-${CONFIGURATION}-input-files.xcfilelist",
			);
			name = "[CP] Embed Pods Frameworks";
			outputFileListPaths = (
				"${PODS_ROOT}/Target Support Files/Pods-free-to-game-ui-kit/Pods-free-to-game-ui-kit-frameworks-${CONFIGURATION}-output-files.xcfilelist",
			);
			runOnlyForDeploymentPostprocessing = 0;
			shellPath = /bin/sh;
			shellScript = "\"${PODS_ROOT}/Target Support Files/Pods-free-to-game-ui-kit/Pods-free-to-game-ui-kit-frameworks.sh\"\n";
			showEnvVarsInLog = 0;
		};
		DE3EDF51439EA337676BA78A /* [CP] Check Pods Manifest.lock */ = {
			isa = PBXShellScriptBuildPhase;
			buildActionMask = 2147483647;
			files = (
			);
			inputFileListPaths = (
			);
			inputPaths = (
				"${PODS_PODFILE_DIR_PATH}/Podfile.lock",
				"${PODS_ROOT}/Manifest.lock",
			);
			name = "[CP] Check Pods Manifest.lock";
			outputFileListPaths = (
			);
			outputPaths = (
				"$(DERIVED_FILE_DIR)/Pods-free-to-game-ui-kit-checkManifestLockResult.txt",
			);
			runOnlyForDeploymentPostprocessing = 0;
			shellPath = /bin/sh;
			shellScript = "diff \"${PODS_PODFILE_DIR_PATH}/Podfile.lock\" \"${PODS_ROOT}/Manifest.lock\" > /dev/null\nif [ $? != 0 ] ; then\n    # print error to STDERR\n    echo \"error: The sandbox is not in sync with the Podfile.lock. Run 'pod install' or update your CocoaPods installation.\" >&2\n    exit 1\nfi\n# This output is used by Xcode 'outputs' to avoid re-running this script phase.\necho \"SUCCESS\" > \"${SCRIPT_OUTPUT_FILE_0}\"\n";
			showEnvVarsInLog = 0;
		};
/* End PBXShellScriptBuildPhase section */

/* Begin PBXSourcesBuildPhase section */
		AD849DC22875603E00C41792 /* Sources */ = {
			isa = PBXSourcesBuildPhase;
			buildActionMask = 2147483647;
			files = (
				AD849DD1287560C300C41792 /* NetworkErrorTests.swift in Sources */,
			);
			runOnlyForDeploymentPostprocessing = 0;
		};
		ADBEB630286085A8008D44B4 /* Sources */ = {
			isa = PBXSourcesBuildPhase;
			buildActionMask = 2147483647;
			files = (
				ADBB609028621722003E26A3 /* GamesViewController.swift in Sources */,
				ADBEB65228608644008D44B4 /* AppCoordinator.swift in Sources */,
				AD8565BD286C39C400BA430A /* ImageCarouselView.swift in Sources */,
				AD8565C1286C3C1700BA430A /* Games.swift in Sources */,
				ADBB60842861B595003E26A3 /* API+EndPoint.swift in Sources */,
				ADBB60822861B572003E26A3 /* NetworkError.swift in Sources */,
				ADBEB65628608695008D44B4 /* MainCoordinator.swift in Sources */,
				AD85658E2863665700BA430A /* GameCellModel.swift in Sources */,
				AD8565C3286C422F00BA430A /* UIImage+Extension.swift in Sources */,
				AD8565BB286AE8E400BA430A /* UIScrollView+Extension.swift in Sources */,
				AD8565A92865CB0400BA430A /* UIStackView+Extension.swift in Sources */,
				ADBEB64E28608603008D44B4 /* Coordinator.swift in Sources */,
				AD8565B52867001F00BA430A /* VStackView.swift in Sources */,
				AD8565CB286C4CC200BA430A /* ShadowView.swift in Sources */,
				ADBEB63C286085A8008D44B4 /* EmptyViewController.swift in Sources */,
				AD8565A72865975E00BA430A /* GameInfoViewModel.swift in Sources */,
				AD85658B2863312900BA430A /* CardView.swift in Sources */,
				AD8565B9286AE3AC00BA430A /* GameInfoModel.swift in Sources */,
				ADBEB638286085A8008D44B4 /* AppDelegate.swift in Sources */,
				ADBEB63A286085A8008D44B4 /* SceneDelegate.swift in Sources */,
				AD849D84286EF4FB00C41792 /* UIFont+Extension.swift in Sources */,
				AD8565AC2865EDE400BA430A /* TextInfoBlockView.swift in Sources */,
				AD8565BF286C3B9A00BA430A /* GameInfo.swift in Sources */,
				AD85659228636BAD00BA430A /* NSObject+Extension.swift in Sources */,
				ADBB608B2861B600003E26A3 /* SystemRequirementsModel.swift in Sources */,
				AD8565D0286C56F400BA430A /* WebViewAssembly.swift in Sources */,
				ADBB608D2861B623003E26A3 /* ScreenshotModel.swift in Sources */,
				AD85659728647C9B00BA430A /* UIViewController+Extension.swift in Sources */,
				AD856589286330E000BA430A /* TagView.swift in Sources */,
				AD85659528636D0900BA430A /* StringIdentifiable.swift in Sources */,
				AD8565B728688E3900BA430A /* GameInfoView.swift in Sources */,
				AD8565AE2865EE1500BA430A /* TitleInfoView.swift in Sources */,
				AD8565B02866F6E100BA430A /* UILabel+Extension.swift in Sources */,
				AD8565832862295400BA430A /* GameCell.swift in Sources */,
				AD856586286229A000BA430A /* UIView+Extension.swift in Sources */,
				AD8565A3286596C600BA430A /* GameInfoAssembly.swift in Sources */,
				AD8565B32866FFCB00BA430A /* HStackView.swift in Sources */,
				AD856590286366E200BA430A /* GamesViewModel.swift in Sources */,
				ADBB609228621E08003E26A3 /* GamesAssembly.swift in Sources */,
				AD8565C7286C44E600BA430A /* UIColor+Extension.swift in Sources */,
				ADBEB65928608700008D44B4 /* EmptyViewControllerAssembly.swift in Sources */,
				ADBB60802861B54E003E26A3 /* API.swift in Sources */,
				AD8565A02864802800BA430A /* InfoView.swift in Sources */,
				ADBB60872861B5C8003E26A3 /* ShortGameModel.swift in Sources */,
				AD8565C5286C425A00BA430A /* UIButton+Extension.swift in Sources */,
				AD8565A52865973E00BA430A /* GameInfoViewController.swift in Sources */,
				AD8565CE286C52C200BA430A /* WebViewController.swift in Sources */,
				AD85659C28647CEC00BA430A /* ProgressView.swift in Sources */,
				AD8565C9286C499A00BA430A /* PrimaryButton.swift in Sources */,
				ADBEB65028608620008D44B4 /* CoordinatorFactory.swift in Sources */,
				ADBB60892861B5E1003E26A3 /* ExtendedGameModel.swift in Sources */,
			);
			runOnlyForDeploymentPostprocessing = 0;
		};
/* End PBXSourcesBuildPhase section */

/* Begin PBXTargetDependency section */
		AD849DCB2875603E00C41792 /* PBXTargetDependency */ = {
			isa = PBXTargetDependency;
			target = ADBEB633286085A8008D44B4 /* free-to-game-ui-kit */;
			targetProxy = AD849DCA2875603E00C41792 /* PBXContainerItemProxy */;
		};
/* End PBXTargetDependency section */

/* Begin PBXVariantGroup section */
		AD8565D5286D843700BA430A /* Localizable.strings */ = {
			isa = PBXVariantGroup;
			children = (
				AD8565D4286D843700BA430A /* en */,
			);
			name = Localizable.strings;
			sourceTree = "<group>";
		};
		ADBEB642286085A9008D44B4 /* LaunchScreen.storyboard */ = {
			isa = PBXVariantGroup;
			children = (
				ADBEB643286085A9008D44B4 /* Base */,
			);
			name = LaunchScreen.storyboard;
			sourceTree = "<group>";
		};
/* End PBXVariantGroup section */

/* Begin XCBuildConfiguration section */
		AD849DCD2875603E00C41792 /* Debug */ = {
			isa = XCBuildConfiguration;
			buildSettings = {
				BUNDLE_LOADER = "$(TEST_HOST)";
				CODE_SIGN_STYLE = Automatic;
				CURRENT_PROJECT_VERSION = 1;
				DEVELOPMENT_TEAM = UER9S2EB72;
				GENERATE_INFOPLIST_FILE = YES;
				MARKETING_VERSION = 1.0;
				PRODUCT_BUNDLE_IDENTIFIER = "home.free-to-game-unit-tests";
				PRODUCT_NAME = "$(TARGET_NAME)";
				SWIFT_EMIT_LOC_STRINGS = NO;
				SWIFT_VERSION = 5.0;
				TARGETED_DEVICE_FAMILY = "1,2";
				TEST_HOST = "$(BUILT_PRODUCTS_DIR)/free-to-game-ui-kit.app/free-to-game-ui-kit";
			};
			name = Debug;
		};
		AD849DCE2875603E00C41792 /* Release */ = {
			isa = XCBuildConfiguration;
			buildSettings = {
				BUNDLE_LOADER = "$(TEST_HOST)";
				CODE_SIGN_STYLE = Automatic;
				CURRENT_PROJECT_VERSION = 1;
				DEVELOPMENT_TEAM = UER9S2EB72;
				GENERATE_INFOPLIST_FILE = YES;
				MARKETING_VERSION = 1.0;
				PRODUCT_BUNDLE_IDENTIFIER = "home.free-to-game-unit-tests";
				PRODUCT_NAME = "$(TARGET_NAME)";
				SWIFT_EMIT_LOC_STRINGS = NO;
				SWIFT_VERSION = 5.0;
				TARGETED_DEVICE_FAMILY = "1,2";
				TEST_HOST = "$(BUILT_PRODUCTS_DIR)/free-to-game-ui-kit.app/free-to-game-ui-kit";
			};
			name = Release;
		};
		ADBEB646286085A9008D44B4 /* Debug */ = {
			isa = XCBuildConfiguration;
			buildSettings = {
				ALWAYS_SEARCH_USER_PATHS = NO;
				CLANG_ANALYZER_LOCALIZABILITY_NONLOCALIZED = YES;
				CLANG_ANALYZER_NONNULL = YES;
				CLANG_ANALYZER_NUMBER_OBJECT_CONVERSION = YES_AGGRESSIVE;
				CLANG_CXX_LANGUAGE_STANDARD = "gnu++17";
				CLANG_ENABLE_MODULES = YES;
				CLANG_ENABLE_OBJC_ARC = YES;
				CLANG_ENABLE_OBJC_WEAK = YES;
				CLANG_WARN_BLOCK_CAPTURE_AUTORELEASING = YES;
				CLANG_WARN_BOOL_CONVERSION = YES;
				CLANG_WARN_COMMA = YES;
				CLANG_WARN_CONSTANT_CONVERSION = YES;
				CLANG_WARN_DEPRECATED_OBJC_IMPLEMENTATIONS = YES;
				CLANG_WARN_DIRECT_OBJC_ISA_USAGE = YES_ERROR;
				CLANG_WARN_DOCUMENTATION_COMMENTS = YES;
				CLANG_WARN_EMPTY_BODY = YES;
				CLANG_WARN_ENUM_CONVERSION = YES;
				CLANG_WARN_INFINITE_RECURSION = YES;
				CLANG_WARN_INT_CONVERSION = YES;
				CLANG_WARN_NON_LITERAL_NULL_CONVERSION = YES;
				CLANG_WARN_OBJC_IMPLICIT_RETAIN_SELF = YES;
				CLANG_WARN_OBJC_LITERAL_CONVERSION = YES;
				CLANG_WARN_OBJC_ROOT_CLASS = YES_ERROR;
				CLANG_WARN_QUOTED_INCLUDE_IN_FRAMEWORK_HEADER = YES;
				CLANG_WARN_RANGE_LOOP_ANALYSIS = YES;
				CLANG_WARN_STRICT_PROTOTYPES = YES;
				CLANG_WARN_SUSPICIOUS_MOVE = YES;
				CLANG_WARN_UNGUARDED_AVAILABILITY = YES_AGGRESSIVE;
				CLANG_WARN_UNREACHABLE_CODE = YES;
				CLANG_WARN__DUPLICATE_METHOD_MATCH = YES;
				COPY_PHASE_STRIP = NO;
				DEBUG_INFORMATION_FORMAT = dwarf;
				ENABLE_STRICT_OBJC_MSGSEND = YES;
				ENABLE_TESTABILITY = YES;
				GCC_C_LANGUAGE_STANDARD = gnu11;
				GCC_DYNAMIC_NO_PIC = NO;
				GCC_NO_COMMON_BLOCKS = YES;
				GCC_OPTIMIZATION_LEVEL = 0;
				GCC_PREPROCESSOR_DEFINITIONS = (
					"DEBUG=1",
					"$(inherited)",
				);
				GCC_WARN_64_TO_32_BIT_CONVERSION = YES;
				GCC_WARN_ABOUT_RETURN_TYPE = YES_ERROR;
				GCC_WARN_UNDECLARED_SELECTOR = YES;
				GCC_WARN_UNINITIALIZED_AUTOS = YES_AGGRESSIVE;
				GCC_WARN_UNUSED_FUNCTION = YES;
				GCC_WARN_UNUSED_VARIABLE = YES;
				INFOPLIST_FILE = "";
				IPHONEOS_DEPLOYMENT_TARGET = 15.4;
				MTL_ENABLE_DEBUG_INFO = INCLUDE_SOURCE;
				MTL_FAST_MATH = YES;
				ONLY_ACTIVE_ARCH = YES;
				SDKROOT = iphoneos;
				SWIFT_ACTIVE_COMPILATION_CONDITIONS = DEBUG;
				SWIFT_OPTIMIZATION_LEVEL = "-Onone";
			};
			name = Debug;
		};
		ADBEB647286085A9008D44B4 /* Release */ = {
			isa = XCBuildConfiguration;
			buildSettings = {
				ALWAYS_SEARCH_USER_PATHS = NO;
				CLANG_ANALYZER_LOCALIZABILITY_NONLOCALIZED = YES;
				CLANG_ANALYZER_NONNULL = YES;
				CLANG_ANALYZER_NUMBER_OBJECT_CONVERSION = YES_AGGRESSIVE;
				CLANG_CXX_LANGUAGE_STANDARD = "gnu++17";
				CLANG_ENABLE_MODULES = YES;
				CLANG_ENABLE_OBJC_ARC = YES;
				CLANG_ENABLE_OBJC_WEAK = YES;
				CLANG_WARN_BLOCK_CAPTURE_AUTORELEASING = YES;
				CLANG_WARN_BOOL_CONVERSION = YES;
				CLANG_WARN_COMMA = YES;
				CLANG_WARN_CONSTANT_CONVERSION = YES;
				CLANG_WARN_DEPRECATED_OBJC_IMPLEMENTATIONS = YES;
				CLANG_WARN_DIRECT_OBJC_ISA_USAGE = YES_ERROR;
				CLANG_WARN_DOCUMENTATION_COMMENTS = YES;
				CLANG_WARN_EMPTY_BODY = YES;
				CLANG_WARN_ENUM_CONVERSION = YES;
				CLANG_WARN_INFINITE_RECURSION = YES;
				CLANG_WARN_INT_CONVERSION = YES;
				CLANG_WARN_NON_LITERAL_NULL_CONVERSION = YES;
				CLANG_WARN_OBJC_IMPLICIT_RETAIN_SELF = YES;
				CLANG_WARN_OBJC_LITERAL_CONVERSION = YES;
				CLANG_WARN_OBJC_ROOT_CLASS = YES_ERROR;
				CLANG_WARN_QUOTED_INCLUDE_IN_FRAMEWORK_HEADER = YES;
				CLANG_WARN_RANGE_LOOP_ANALYSIS = YES;
				CLANG_WARN_STRICT_PROTOTYPES = YES;
				CLANG_WARN_SUSPICIOUS_MOVE = YES;
				CLANG_WARN_UNGUARDED_AVAILABILITY = YES_AGGRESSIVE;
				CLANG_WARN_UNREACHABLE_CODE = YES;
				CLANG_WARN__DUPLICATE_METHOD_MATCH = YES;
				COPY_PHASE_STRIP = NO;
				DEBUG_INFORMATION_FORMAT = "dwarf-with-dsym";
				ENABLE_NS_ASSERTIONS = NO;
				ENABLE_STRICT_OBJC_MSGSEND = YES;
				GCC_C_LANGUAGE_STANDARD = gnu11;
				GCC_NO_COMMON_BLOCKS = YES;
				GCC_WARN_64_TO_32_BIT_CONVERSION = YES;
				GCC_WARN_ABOUT_RETURN_TYPE = YES_ERROR;
				GCC_WARN_UNDECLARED_SELECTOR = YES;
				GCC_WARN_UNINITIALIZED_AUTOS = YES_AGGRESSIVE;
				GCC_WARN_UNUSED_FUNCTION = YES;
				GCC_WARN_UNUSED_VARIABLE = YES;
				INFOPLIST_FILE = "";
				IPHONEOS_DEPLOYMENT_TARGET = 15.4;
				MTL_ENABLE_DEBUG_INFO = NO;
				MTL_FAST_MATH = YES;
				SDKROOT = iphoneos;
				SWIFT_COMPILATION_MODE = wholemodule;
				SWIFT_OPTIMIZATION_LEVEL = "-O";
				VALIDATE_PRODUCT = YES;
			};
			name = Release;
		};
		ADBEB649286085A9008D44B4 /* Debug */ = {
			isa = XCBuildConfiguration;
			baseConfigurationReference = 809C746846DF78657648A85B /* Pods-free-to-game-ui-kit.debug.xcconfig */;
			buildSettings = {
				ASSETCATALOG_COMPILER_APPICON_NAME = AppIcon;
				ASSETCATALOG_COMPILER_GLOBAL_ACCENT_COLOR_NAME = AccentColor;
				CODE_SIGN_STYLE = Automatic;
				CURRENT_PROJECT_VERSION = 1;
				DEVELOPMENT_TEAM = UER9S2EB72;
				GENERATE_INFOPLIST_FILE = YES;
				INFOPLIST_FILE = "free-to-game-ui-kit/Resources/Info.plist";
				INFOPLIST_KEY_UIApplicationSupportsIndirectInputEvents = YES;
				INFOPLIST_KEY_UILaunchStoryboardName = LaunchScreen;
				INFOPLIST_KEY_UISupportedInterfaceOrientations_iPad = "UIInterfaceOrientationPortrait UIInterfaceOrientationPortraitUpsideDown UIInterfaceOrientationLandscapeLeft UIInterfaceOrientationLandscapeRight";
				INFOPLIST_KEY_UISupportedInterfaceOrientations_iPhone = "UIInterfaceOrientationPortrait UIInterfaceOrientationLandscapeLeft UIInterfaceOrientationLandscapeRight";
				LD_RUNPATH_SEARCH_PATHS = (
					"$(inherited)",
					"@executable_path/Frameworks",
				);
				MARKETING_VERSION = 1.0;
				PRODUCT_BUNDLE_IDENTIFIER = "home.free-to-game-ui-kit";
				PRODUCT_NAME = "$(TARGET_NAME)";
				SWIFT_EMIT_LOC_STRINGS = YES;
				SWIFT_VERSION = 5.0;
				TARGETED_DEVICE_FAMILY = "1,2";
			};
			name = Debug;
		};
		ADBEB64A286085A9008D44B4 /* Release */ = {
			isa = XCBuildConfiguration;
			baseConfigurationReference = 902AF9A75D3487C143F1E05F /* Pods-free-to-game-ui-kit.release.xcconfig */;
			buildSettings = {
				ASSETCATALOG_COMPILER_APPICON_NAME = AppIcon;
				ASSETCATALOG_COMPILER_GLOBAL_ACCENT_COLOR_NAME = AccentColor;
				CODE_SIGN_STYLE = Automatic;
				CURRENT_PROJECT_VERSION = 1;
				DEVELOPMENT_TEAM = UER9S2EB72;
				GENERATE_INFOPLIST_FILE = YES;
				INFOPLIST_FILE = "free-to-game-ui-kit/Resources/Info.plist";
				INFOPLIST_KEY_UIApplicationSupportsIndirectInputEvents = YES;
				INFOPLIST_KEY_UILaunchStoryboardName = LaunchScreen;
				INFOPLIST_KEY_UISupportedInterfaceOrientations_iPad = "UIInterfaceOrientationPortrait UIInterfaceOrientationPortraitUpsideDown UIInterfaceOrientationLandscapeLeft UIInterfaceOrientationLandscapeRight";
				INFOPLIST_KEY_UISupportedInterfaceOrientations_iPhone = "UIInterfaceOrientationPortrait UIInterfaceOrientationLandscapeLeft UIInterfaceOrientationLandscapeRight";
				LD_RUNPATH_SEARCH_PATHS = (
					"$(inherited)",
					"@executable_path/Frameworks",
				);
				MARKETING_VERSION = 1.0;
				PRODUCT_BUNDLE_IDENTIFIER = "home.free-to-game-ui-kit";
				PRODUCT_NAME = "$(TARGET_NAME)";
				SWIFT_EMIT_LOC_STRINGS = YES;
				SWIFT_VERSION = 5.0;
				TARGETED_DEVICE_FAMILY = "1,2";
			};
			name = Release;
		};
/* End XCBuildConfiguration section */

/* Begin XCConfigurationList section */
		AD849DCC2875603E00C41792 /* Build configuration list for PBXNativeTarget "free-to-game-unit-tests" */ = {
			isa = XCConfigurationList;
			buildConfigurations = (
				AD849DCD2875603E00C41792 /* Debug */,
				AD849DCE2875603E00C41792 /* Release */,
			);
			defaultConfigurationIsVisible = 0;
			defaultConfigurationName = Release;
		};
		ADBEB62F286085A8008D44B4 /* Build configuration list for PBXProject "free-to-game-ui-kit" */ = {
			isa = XCConfigurationList;
			buildConfigurations = (
				ADBEB646286085A9008D44B4 /* Debug */,
				ADBEB647286085A9008D44B4 /* Release */,
			);
			defaultConfigurationIsVisible = 0;
			defaultConfigurationName = Release;
		};
		ADBEB648286085A9008D44B4 /* Build configuration list for PBXNativeTarget "free-to-game-ui-kit" */ = {
			isa = XCConfigurationList;
			buildConfigurations = (
				ADBEB649286085A9008D44B4 /* Debug */,
				ADBEB64A286085A9008D44B4 /* Release */,
			);
			defaultConfigurationIsVisible = 0;
			defaultConfigurationName = Release;
		};
/* End XCConfigurationList section */
	};
	rootObject = ADBEB62C286085A8008D44B4 /* Project object */;
}
